
Microsoft Visual Studio Solution File, Format Version 12.00
# Visual Studio 15
VisualStudioVersion = 15.0.28307.168
MinimumVisualStudioVersion = 10.0.40219.1
Project("{2150E333-8FDC-42A3-9474-1A3956D46DE8}") = "me.bellacall.Documentation", "me.bellacall.Documentation", "{4B4D5B8D-76D3-462D-845A-1C55DA2E0E2A}"
EndProject
Project("{2150E333-8FDC-42A3-9474-1A3956D46DE8}") = "Common", "Common", "{B617EFCF-52A3-4E5D-BB11-31736A147520}"
	ProjectSection(SolutionItems) = preProject
		DevServerList.xlsx = DevServerList.xlsx
		LoggingAgreement.docx = LoggingAgreement.docx
	EndProjectSection
EndProject
Project("{9A19103F-16F7-4668-BE54-9A1E7A4F7556}") = "me.bellacall.Core", "me.bellacall.Core\me.bellacall.Core.csproj", "{8896C593-0E8E-4DE7-9FF6-874E11BCB2B7}"
EndProject
Global
	GlobalSection(SolutionConfigurationPlatforms) = preSolution
		Debug|Any CPU = Debug|Any CPU
		Release|Any CPU = Release|Any CPU
	EndGlobalSection
	GlobalSection(ProjectConfigurationPlatforms) = postSolution
		{8896C593-0E8E-4DE7-9FF6-874E11BCB2B7}.Debug|Any CPU.ActiveCfg = Debug|Any CPU
		{8896C593-0E8E-4DE7-9FF6-874E11BCB2B7}.Debug|Any CPU.Build.0 = Debug|Any CPU
		{8896C593-0E8E-4DE7-9FF6-874E11BCB2B7}.Release|Any CPU.ActiveCfg = Release|Any CPU
		{8896C593-0E8E-4DE7-9FF6-874E11BCB2B7}.Release|Any CPU.Build.0 = Release|Any CPU
	EndGlobalSection
	GlobalSection(SolutionProperties) = preSolution
		HideSolutionNode = FALSE
	EndGlobalSection
	GlobalSection(NestedProjects) = preSolution
		{B617EFCF-52A3-4E5D-BB11-31736A147520} = {4B4D5B8D-76D3-462D-845A-1C55DA2E0E2A}
	EndGlobalSection
	GlobalSection(ExtensibilityGlobals) = postSolution
		SolutionGuid = {D4AAA5C4-3AC1-489F-A5A8-D798C4184F50}
	EndGlobalSection
EndGlobal
